
Microsoft Visual Studio Solution File, Format Version 12.00
# Visual Studio Version 16
VisualStudioVersion = 16.0.31410.357
MinimumVisualStudioVersion = 10.0.40219.1
Project("{FAE04EC0-301F-11D3-BF4B-00C04F79EFBC}") = "TestApp", "TestApp.csproj", "{11A04C0D-62B2-42AC-9339-C7FDE4E98663}"
EndProject
Global
	GlobalSection(SolutionConfigurationPlatforms) = preSolution
		Debug|Any CPU = Debug|Any CPU
		Release|Any CPU = Release|Any CPU
	EndGlobalSection
	GlobalSection(ProjectConfigurationPlatforms) = postSolution
		{11A04C0D-62B2-42AC-9339-C7FDE4E98663}.Debug|Any CPU.ActiveCfg = Debug|Any CPU
		{11A04C0D-62B2-42AC-9339-C7FDE4E98663}.Debug|Any CPU.Build.0 = Debug|Any CPU
		{11A04C0D-62B2-42AC-9339-C7FDE4E98663}.Release|Any CPU.ActiveCfg = Release|Any CPU
		{11A04C0D-62B2-42AC-9339-C7FDE4E98663}.Release|Any CPU.Build.0 = Release|Any CPU
	EndGlobalSection
	GlobalSection(SolutionProperties) = preSolution
		HideSolutionNode = FALSE
	EndGlobalSection
	GlobalSection(ExtensibilityGlobals) = postSolution
		SolutionGuid = {5FB496E9-F6CF-4847-A35C-AABD1987C7BF}
	EndGlobalSection
EndGlobal
